
Microsoft Visual Studio Solution File, Format Version 12.00
# Visual Studio Version 16
VisualStudioVersion = 16.0.29215.179
MinimumVisualStudioVersion = 10.0.40219.1
Project("{8BC9CEB8-8B4A-11D0-8D11-00A0C91BC942}") = "Project_4", "Project_4\Project_4.vcxproj", "{B7F443F7-9AED-4A42-B448-34375F3B9395}"
EndProject
Global
	GlobalSection(SolutionConfigurationPlatforms) = preSolution
		Debug|x64 = Debug|x64
		Debug|x86 = Debug|x86
		Release|x64 = Release|x64
		Release|x86 = Release|x86
	EndGlobalSection
	GlobalSection(ProjectConfigurationPlatforms) = postSolution
		{B7F443F7-9AED-4A42-B448-34375F3B9395}.Debug|x64.ActiveCfg = Debug|x64
		{B7F443F7-9AED-4A42-B448-34375F3B9395}.Debug|x64.Build.0 = Debug|x64
		{B7F443F7-9AED-4A42-B448-34375F3B9395}.Debug|x86.ActiveCfg = Debug|Win32
		{B7F443F7-9AED-4A42-B448-34375F3B9395}.Debug|x86.Build.0 = Debug|Win32
		{B7F443F7-9AED-4A42-B448-34375F3B9395}.Release|x64.ActiveCfg = Release|x64
		{B7F443F7-9AED-4A42-B448-34375F3B9395}.Release|x64.Build.0 = Release|x64
		{B7F443F7-9AED-4A42-B448-34375F3B9395}.Release|x86.ActiveCfg = Release|Win32
		{B7F443F7-9AED-4A42-B448-34375F3B9395}.Release|x86.Build.0 = Release|Win32
	EndGlobalSection
	GlobalSection(SolutionProperties) = preSolution
		HideSolutionNode = FALSE
	EndGlobalSection
	GlobalSection(ExtensibilityGlobals) = postSolution
		SolutionGuid = {B5309F4A-C036-40EA-90C1-1745CCC22961}
	EndGlobalSection
EndGlobal
